{
  "requires": true,
  "lockfileVersion": 1,
  "dependencies": {
    "callsite": {
      "version": "1.0.0",
      "resolved": "https://registry.npmjs.org/callsite/-/callsite-1.0.0.tgz",
      "integrity": "sha1-KAOY5dZkvXQDi28JBRU+borxvCA="
    },
    "runnable": {
      "version": "3.0.0",
      "resolved": "https://registry.npmjs.org/runnable/-/runnable-3.0.0.tgz",
      "integrity": "sha1-6ZASG0GXc2v0SOQ9Ho3+ab1SI5U=",
      "requires": {
        "callsite": "1.0.0"
      }
    }
  }
}
